
Microsoft Visual Studio Solution File, Format Version 12.00
# Visual Studio Version 16
VisualStudioVersion = 16.0.31025.194
MinimumVisualStudioVersion = 10.0.40219.1
Project("{8BC9CEB8-8B4A-11D0-8D11-00A0C91BC942}") = "chessGame", "chessGame.vcxproj", "{F87280D8-D851-4292-9F1F-2C16C21B4874}"
EndProject
Project("{2150E333-8FDC-42A3-9474-1A3956D46DE8}") = "Solution Items", "Solution Items", "{84D6620B-971A-4E09-BEB3-5462B5B7451A}"
	ProjectSection(SolutionItems) = preProject
		..\Source.cpp = ..\Source.cpp
	EndProjectSection
EndProject
Global
	GlobalSection(SolutionConfigurationPlatforms) = preSolution
		Debug|x64 = Debug|x64
		Debug|x86 = Debug|x86
		Release|x64 = Release|x64
		Release|x86 = Release|x86
	EndGlobalSection
	GlobalSection(ProjectConfigurationPlatforms) = postSolution
		{F87280D8-D851-4292-9F1F-2C16C21B4874}.Debug|x64.ActiveCfg = Debug|x64
		{F87280D8-D851-4292-9F1F-2C16C21B4874}.Debug|x64.Build.0 = Debug|x64
		{F87280D8-D851-4292-9F1F-2C16C21B4874}.Debug|x86.ActiveCfg = Debug|Win32
		{F87280D8-D851-4292-9F1F-2C16C21B4874}.Debug|x86.Build.0 = Debug|Win32
		{F87280D8-D851-4292-9F1F-2C16C21B4874}.Release|x64.ActiveCfg = Release|x64
		{F87280D8-D851-4292-9F1F-2C16C21B4874}.Release|x64.Build.0 = Release|x64
		{F87280D8-D851-4292-9F1F-2C16C21B4874}.Release|x86.ActiveCfg = Release|Win32
		{F87280D8-D851-4292-9F1F-2C16C21B4874}.Release|x86.Build.0 = Release|Win32
	EndGlobalSection
	GlobalSection(SolutionProperties) = preSolution
		HideSolutionNode = FALSE
	EndGlobalSection
	GlobalSection(ExtensibilityGlobals) = postSolution
		SolutionGuid = {E4D6AB64-8BCB-47C8-9529-130C6028B9DB}
	EndGlobalSection
EndGlobal
